// !$*UTF8*$!
{
	archiveVersion = 1;
	classes = {
	};
	objectVersion = 46;
	objects = {

/* Begin PBXBuildFile section */
		58FC0ABB1E10F795003A219F /* AppDelegate.swift in Sources */ = {isa = PBXBuildFile; fileRef = 58FC0ABA1E10F795003A219F /* AppDelegate.swift */; };
		58FC0ABD1E10F795003A219F /* ViewController.swift in Sources */ = {isa = PBXBuildFile; fileRef = 58FC0ABC1E10F795003A219F /* ViewController.swift */; };
		58FC0AC01E10F795003A219F /* Main.storyboard in Resources */ = {isa = PBXBuildFile; fileRef = 58FC0ABE1E10F795003A219F /* Main.storyboard */; };
		58FC0AC21E10F795003A219F /* Assets.xcassets in Resources */ = {isa = PBXBuildFile; fileRef = 58FC0AC11E10F795003A219F /* Assets.xcassets */; };
		58FC0AC51E10F795003A219F /* LaunchScreen.storyboard in Resources */ = {isa = PBXBuildFile; fileRef = 58FC0AC31E10F795003A219F /* LaunchScreen.storyboard */; };
/* End PBXBuildFile section */

/* Begin PBXFileReference section */
		58FC0AB71E10F795003A219F /* Notifications&Closures.app */ = {isa = PBXFileReference; explicitFileType = wrapper.application; includeInIndex = 0; path = "Notifications&Closures.app"; sourceTree = BUILT_PRODUCTS_DIR; };
		58FC0ABA1E10F795003A219F /* AppDelegate.swift */ = {isa = PBXFileReference; lastKnownFileType = sourcecode.swift; path = AppDelegate.swift; sourceTree = "<group>"; };
		58FC0ABC1E10F795003A219F /* ViewController.swift */ = {isa = PBXFileReference; lastKnownFileType = sourcecode.swift; path = ViewController.swift; sourceTree = "<group>"; };
		58FC0ABF1E10F795003A219F /* Base */ = {isa = PBXFileReference; lastKnownFileType = file.storyboard; name = Base; path = Base.lproj/Main.storyboard; sourceTree = "<group>"; };
		58FC0AC11E10F795003A219F /* Assets.xcassets */ = {isa = PBXFileReference; lastKnownFileType = folder.assetcatalog; path = Assets.xcassets; sourceTree = "<group>"; };
		58FC0AC41E10F795003A219F /* Base */ = {isa = PBXFileReference; lastKnownFileType = file.storyboard; name = Base; path = Base.lproj/LaunchScreen.storyboard; sourceTree = "<group>"; };
		58FC0AC61E10F795003A219F /* Info.plist */ = {isa = PBXFileReference; lastKnownFileType = text.plist.xml; path = Info.plist; sourceTree = "<group>"; };
/* End PBXFileReference section */

/* Begin PBXFrameworksBuildPhase section */
		58FC0AB41E10F795003A219F /* Frameworks */ = {
			isa = PBXFrameworksBuildPhase;
			buildActionMask = 2147483647;
			files = (
			);
			runOnlyForDeploymentPostprocessing = 0;
		};
/* End PBXFrameworksBuildPhase section */

/* Begin PBXGroup section */
		58FC0AAE1E10F795003A219F = {
			isa = PBXGroup;
			children = (
				58FC0AB91E10F795003A219F /* Notifications&Closures */,
				58FC0AB81E10F795003A219F /* Products */,
			);
			sourceTree = "<group>";
		};
		58FC0AB81E10F795003A219F /* Products */ = {
			isa = PBXGroup;
			children = (
				58FC0AB71E10F795003A219F /* Notifications&Closures.app */,
			);
			name = Products;
			sourceTree = "<group>";
		};
		58FC0AB91E10F795003A219F /* Notifications&Closures */ = {
			isa = PBXGroup;
			children = (
				58FC0ABA1E10F795003A219F /* AppDelegate.swift */,
				58FC0ABC1E10F795003A219F /* ViewController.swift */,
				58FC0ABE1E10F795003A219F /* Main.storyboard */,
				58FC0AC11E10F795003A219F /* Assets.xcassets */,
				58FC0AC31E10F795003A219F /* LaunchScreen.storyboard */,
				58FC0AC61E10F795003A219F /* Info.plist */,
			);
			path = "Notifications&Closures";
			sourceTree = "<group>";
		};
/* End PBXGroup section */

/* Begin PBXNativeTarget section */
		58FC0AB61E10F795003A219F /* Notifications&Closures */ = {
			isa = PBXNativeTarget;
			buildConfigurationList = 58FC0AC91E10F795003A219F /* Build configuration list for PBXNativeTarget "Notifications&Closures" */;
			buildPhases = (
				58FC0AB31E10F795003A219F /* Sources */,
				58FC0AB41E10F795003A219F /* Frameworks */,
				58FC0AB51E10F795003A219F /* Resources */,
			);
			buildRules = (
			);
			dependencies = (
			);
			name = "Notifications&Closures";
			productName = "Notifications&Closures";
			productReference = 58FC0AB71E10F795003A219F /* Notifications&Closures.app */;
			productType = "com.apple.product-type.application";
		};
/* End PBXNativeTarget section */

/* Begin PBXProject section */
		58FC0AAF1E10F795003A219F /* Project object */ = {
			isa = PBXProject;
			attributes = {
				LastSwiftUpdateCheck = 0810;
				LastUpgradeCheck = 0810;
				ORGANIZATIONNAME = Next;
				TargetAttributes = {
					58FC0AB61E10F795003A219F = {
						CreatedOnToolsVersion = 8.1;
						DevelopmentTeam = 7KV7Y4QP2Z;
						ProvisioningStyle = Automatic;
					};
				};
			};
			buildConfigurationList = 58FC0AB21E10F795003A219F /* Build configuration list for PBXProject "Notifications&Closures" */;
			compatibilityVersion = "Xcode 3.2";
			developmentRegion = English;
			hasScannedForEncodings = 0;
			knownRegions = (
				en,
				Base,
			);
			mainGroup = 58FC0AAE1E10F795003A219F;
			productRefGroup = 58FC0AB81E10F795003A219F /* Products */;
			projectDirPath = "";
			projectRoot = "";
			targets = (
				58FC0AB61E10F795003A219F /* Notifications&Closures */,
			);
		};
/* End PBXProject section */

/* Begin PBXResourcesBuildPhase section */
		58FC0AB51E10F795003A219F /* Resources */ = {
			isa = PBXResourcesBuildPhase;
			buildActionMask = 2147483647;
			files = (
				58FC0AC51E10F795003A219F /* LaunchScreen.storyboard in Resources */,
				58FC0AC21E10F795003A219F /* Assets.xcassets in Resources */,
				58FC0AC01E10F795003A219F /* Main.storyboard in Resources */,
			);
			runOnlyForDeploymentPostprocessing = 0;
		};
/* End PBXResourcesBuildPhase section */

/* Begin PBXSourcesBuildPhase section */
		58FC0AB31E10F795003A219F /* Sources */ = {
			isa = PBXSourcesBuildPhase;
			buildActionMask = 2147483647;
			files = (
				58FC0ABD1E10F795003A219F /* ViewController.swift in Sources */,
				58FC0ABB1E10F795003A219F /* AppDelegate.swift in Sources */,
			);
			runOnlyForDeploymentPostprocessing = 0;
		};
/* End PBXSourcesBuildPhase section */

/* Begin PBXVariantGroup section */
		58FC0ABE1E10F795003A219F /* Main.storyboard */ = {
			isa = PBXVariantGroup;
			children = (
				58FC0ABF1E10F795003A219F /* Base */,
			);
			name = Main.storyboard;
			sourceTree = "<group>";
		};
		58FC0AC31E10F795003A219F /* LaunchScreen.storyboard */ = {
			isa = PBXVariantGroup;
			children = (
				58FC0AC41E10F795003A219F /* Base */,
			);
			name = LaunchScreen.storyboard;
			sourceTree = "<group>";
		};
/* End PBXVariantGroup section */

/* Begin XCBuildConfiguration section */
		58FC0AC71E10F795003A219F /* Debug */ = {
			isa = XCBuildConfiguration;
			buildSettings = {
				ALWAYS_SEARCH_USER_PATHS = NO;
				CLANG_ANALYZER_NONNULL = YES;
				CLANG_CXX_LANGUAGE_STANDARD = "gnu++0x";
				CLANG_CXX_LIBRARY = "libc++";
				CLANG_ENABLE_MODULES = YES;
				CLANG_ENABLE_OBJC_ARC = YES;
				CLANG_WARN_BOOL_CONVERSION = YES;
				CLANG_WARN_CONSTANT_CONVERSION = YES;
				CLANG_WARN_DIRECT_OBJC_ISA_USAGE = YES_ERROR;
				CLANG_WARN_DOCUMENTATION_COMMENTS = YES;
				CLANG_WARN_EMPTY_BODY = YES;
				CLANG_WARN_ENUM_CONVERSION = YES;
				CLANG_WARN_INFINITE_RECURSION = YES;
				CLANG_WARN_INT_CONVERSION = YES;
				CLANG_WARN_OBJC_ROOT_CLASS = YES_ERROR;
				CLANG_WARN_SUSPICIOUS_MOVES = YES;
				CLANG_WARN_UNREACHABLE_CODE = YES;
				CLANG_WARN__DUPLICATE_METHOD_MATCH = YES;
				"CODE_SIGN_IDENTITY[sdk=iphoneos*]" = "iPhone Developer";
				COPY_PHASE_STRIP = NO;
				DEBUG_INFORMATION_FORMAT = dwarf;
				ENABLE_STRICT_OBJC_MSGSEND = YES;
				ENABLE_TESTABILITY = YES;
				GCC_C_LANGUAGE_STANDARD = gnu99;
				GCC_DYNAMIC_NO_PIC = NO;
				GCC_NO_COMMON_BLOCKS = YES;
				GCC_OPTIMIZATION_LEVEL = 0;
				GCC_PREPROCESSOR_DEFINITIONS = (
					"DEBUG=1",
					"$(inherited)",
				);
				GCC_WARN_64_TO_32_BIT_CONVERSION = YES;
				GCC_WARN_ABOUT_RETURN_TYPE = YES_ERROR;
				GCC_WARN_UNDECLARED_SELECTOR = YES;
				GCC_WARN_UNINITIALIZED_AUTOS = YES_AGGRESSIVE;
				GCC_WARN_UNUSED_FUNCTION = YES;
				GCC_WARN_UNUSED_VARIABLE = YES;
				IPHONEOS_DEPLOYMENT_TARGET = 10.1;
				MTL_ENABLE_DEBUG_INFO = YES;
				ONLY_ACTIVE_ARCH = YES;
				SDKROOT = iphoneos;
				SWIFT_ACTIVE_COMPILATION_CONDITIONS = DEBUG;
				SWIFT_OPTIMIZATION_LEVEL = "-Onone";
				TARGETED_DEVICE_FAMILY = "1,2";
			};
			name = Debug;
		};
		58FC0AC81E10F795003A219F /* Release */ = {
			isa = XCBuildConfiguration;
			buildSettings = {
				ALWAYS_SEARCH_USER_PATHS = NO;
				CLANG_ANALYZER_NONNULL = YES;
				CLANG_CXX_LANGUAGE_STANDARD = "gnu++0x";
				CLANG_CXX_LIBRARY = "libc++";
				CLANG_ENABLE_MODULES = YES;
				CLANG_ENABLE_OBJC_ARC = YES;
				CLANG_WARN_BOOL_CONVERSION = YES;
				CLANG_WARN_CONSTANT_CONVERSION = YES;
				CLANG_WARN_DIRECT_OBJC_ISA_USAGE = YES_ERROR;
				CLANG_WARN_DOCUMENTATION_COMMENTS = YES;
				CLANG_WARN_EMPTY_BODY = YES;
				CLANG_WARN_ENUM_CONVERSION = YES;
				CLANG_WARN_INFINITE_RECURSION = YES;
				CLANG_WARN_INT_CONVERSION = YES;
				CLANG_WARN_OBJC_ROOT_CLASS = YES_ERROR;
				CLANG_WARN_SUSPICIOUS_MOVES = YES;
				CLANG_WARN_UNREACHABLE_CODE = YES;
				CLANG_WARN__DUPLICATE_METHOD_MATCH = YES;
				"CODE_SIGN_IDENTITY[sdk=iphoneos*]" = "iPhone Developer";
				COPY_PHASE_STRIP = NO;
				DEBUG_INFORMATION_FORMAT = "dwarf-with-dsym";
				ENABLE_NS_ASSERTIONS = NO;
				ENABLE_STRICT_OBJC_MSGSEND = YES;
				GCC_C_LANGUAGE_STANDARD = gnu99;
				GCC_NO_COMMON_BLOCKS = YES;
				GCC_WARN_64_TO_32_BIT_CONVERSION = YES;
				GCC_WARN_ABOUT_RETURN_TYPE = YES_ERROR;
				GCC_WARN_UNDECLARED_SELECTOR = YES;
				GCC_WARN_UNINITIALIZED_AUTOS = YES_AGGRESSIVE;
				GCC_WARN_UNUSED_FUNCTION = YES;
				GCC_WARN_UNUSED_VARIABLE = YES;
				IPHONEOS_DEPLOYMENT_TARGET = 10.1;
				MTL_ENABLE_DEBUG_INFO = NO;
				SDKROOT = iphoneos;
				SWIFT_OPTIMIZATION_LEVEL = "-Owholemodule";
				TARGETED_DEVICE_FAMILY = "1,2";
				VALIDATE_PRODUCT = YES;
			};
			name = Release;
		};
		58FC0ACA1E10F795003A219F /* Debug */ = {
			isa = XCBuildConfiguration;
			buildSettings = {
				ASSETCATALOG_COMPILER_APPICON_NAME = AppIcon;
				DEVELOPMENT_TEAM = 7KV7Y4QP2Z;
				INFOPLIST_FILE = "Notifications&Closures/Info.plist";
				LD_RUNPATH_SEARCH_PATHS = "$(inherited) @executable_path/Frameworks";
				PRODUCT_BUNDLE_IDENTIFIER = "com.next.Notifications-Closures";
				PRODUCT_NAME = "$(TARGET_NAME)";
				SWIFT_VERSION = 3.0;
			};
			name = Debug;
		};
		58FC0ACB1E10F795003A219F /* Release */ = {
			isa = XCBuildConfiguration;
			buildSettings = {
				ASSETCATALOG_COMPILER_APPICON_NAME = AppIcon;
				DEVELOPMENT_TEAM = 7KV7Y4QP2Z;
				INFOPLIST_FILE = "Notifications&Closures/Info.plist";
				LD_RUNPATH_SEARCH_PATHS = "$(inherited) @executable_path/Frameworks";
				PRODUCT_BUNDLE_IDENTIFIER = "com.next.Notifications-Closures";
				PRODUCT_NAME = "$(TARGET_NAME)";
				SWIFT_VERSION = 3.0;
			};
			name = Release;
		};
/* End XCBuildConfiguration section */

/* Begin XCConfigurationList section */
		58FC0AB21E10F795003A219F /* Build configuration list for PBXProject "Notifications&Closures" */ = {
			isa = XCConfigurationList;
			buildConfigurations = (
				58FC0AC71E10F795003A219F /* Debug */,
				58FC0AC81E10F795003A219F /* Release */,
			);
			defaultConfigurationIsVisible = 0;
			defaultConfigurationName = Release;
		};
		58FC0AC91E10F795003A219F /* Build configuration list for PBXNativeTarget "Notifications&Closures" */ = {
			isa = XCConfigurationList;
			buildConfigurations = (
				58FC0ACA1E10F795003A219F /* Debug */,
				58FC0ACB1E10F795003A219F /* Release */,
			);
			defaultConfigurationIsVisible = 0;
		};
/* End XCConfigurationList section */
	};
	rootObject = 58FC0AAF1E10F795003A219F /* Project object */;
}
